lockfileVersion: 5.4

importers:

  .:
    specifiers:
      '@changesets/cli': ^2.26.0
      '@types/node': '18'
      typescript: ^4.9.5
      unbuild: ^1.1.1
    devDependencies:
      '@changesets/cli': 2.26.0
      '@types/node': 18.13.0
      typescript: 4.9.5
      unbuild: 1.1.1

  packages/core:
    specifiers:
      picocolors: ^1.0.0
      sisteransi: ^1.0.5
      unbuild: ^1.1.1
    dependencies:
      picocolors: 1.0.0
      sisteransi: 1.0.5
    devDependencies:
      unbuild: 1.1.1

  packages/demo:
    specifiers:
      '@clack/core': workspace:*
      '@clack/prompts': workspace:*
      boxen: ^7.0.1
      jiti: ^1.17.0
      picocolors: ^1.0.0
    dependencies:
      '@clack/core': link:../core
      '@clack/prompts': link:../prompts
      boxen: 7.0.1
      picocolors: 1.0.0
    devDependencies:
      jiti: 1.17.0

  packages/prompts:
    specifiers:
      '@clack/core': workspace:^0.1.0
      picocolors: ^1.0.0
      sisteransi: ^1.0.5
      unbuild: ^1.1.1
    dependencies:
      '@clack/core': link:../core
      picocolors: 1.0.0
      sisteransi: 1.0.5
    devDependencies:
      unbuild: 1.1.1

packages:

  /@ampproject/remapping/2.2.0:
    resolution: {integrity: sha512-qRmjj8nj9qmLTQXXmaR1cck3UXSRMPrbsLJAasZpF+t3riI71BXed5ebIOYwQntykeZuhjsdweEc9BxH5Jc26w==, registry: https://registry.yarnpkg.com/}
    engines: {node: '>=6.0.0'}
    dev: true

  /@babel/code-frame/7.18.6:
    resolution: {integrity: sha512-TDCmlK5eOvH+eH7cdAFlNXeVJqWIQ7gW9tY1GJIpUtFb6CmjVyq2VM3u71bOyR8CRihcCgMUYoDNyLXao3+70Q==, registry: https://registry.yarnpkg.com/}
    engines: {node: '>=6.9.0'}
    dev: true

  /@babel/compat-data/7.20.14:
    resolution: {integrity: sha512-0YpKHD6ImkWMEINCyDAD0HLLUH/lPCefG8ld9it8DJB2wnApraKuhgYTvTY1z7UFIfBTGy5LwncZ+5HWWGbhFw==, registry: https://registry.yarnpkg.com/}
    engines: {node: '>=6.9.0'}
    dev: true

  /@babel/core/7.20.12:
    resolution: {integrity: sha512-XsMfHovsUYHFMdrIHkZphTN/2Hzzi78R08NuHfDBehym2VsPDL6Zn/JAD/JQdnRvbSsbQc4mVaU1m6JgtTEElg==, registry: https://registry.yarnpkg.com/}
    engines: {node: '>=6.9.0'}
    dependencies:
      '@ampproject/remapping': 2.2.0
      '@babel/code-frame': 7.18.6
      '@babel/generator': 7.20.14
      '@babel/helper-compilation-targets': 7.20.7_@babel+core@7.20.12
      '@babel/helper-module-transforms': 7.20.11
      '@babel/helpers': 7.20.13
      '@babel/parser': 7.20.15
      '@babel/template': 7.20.7
      '@babel/traverse': 7.20.13
      '@babel/types': 7.20.7
      convert-source-map: 1.9.0
      debug: 4.3.4
      gensync: 1.0.0-beta.2
      json5: 2.2.3
      semver: 6.3.0
    transitivePeerDependencies:
      - supports-color
    dev: true

  /@babel/generator/7.20.14:
    resolution: {integrity: sha512-AEmuXHdcD3A52HHXxaTmYlb8q/xMEhoRP67B3T4Oq7lbmSoqroMZzjnGj3+i1io3pdnF8iBYVu4Ilj+c4hBxYg==, registry: https://registry.yarnpkg.com/}
    engines: {node: '>=6.9.0'}
    dev: true

  /@babel/helper-compilation-targets/7.20.7_@babel+core@7.20.12:
    resolution: {integrity: sha512-4tGORmfQcrc+bvrjb5y3dG9Mx1IOZjsHqQVUz7XCNHO+iTmqxWnVg3KRygjGmpRLJGdQSKuvFinbIb0CnZwHAQ==, registry: https://registry.yarnpkg.com/}
    engines: {node: '>=6.9.0'}
    peerDependencies:
      '@babel/core': ^7.0.0
    dependencies:
      '@babel/compat-data': 7.20.14
      '@babel/core': 7.20.12
      '@babel/helper-validator-option': 7.18.6
      browserslist: 4.21.5
      lru-cache: 5.1.1
      semver: 6.3.0
    dev: true

  /@babel/helper-environment-visitor/7.18.9:
    resolution: {integrity: sha512-3r/aACDJ3fhQ/EVgFy0hpj8oHyHpQc+LPtJoY9SzTThAsStm4Ptegq92vqKoE3vD706ZVFWITnMnxucw+S9Ipg==, registry: https://registry.yarnpkg.com/}
    engines: {node: '>=6.9.0'}
    dev: true

  /@babel/helper-function-name/7.19.0:
    resolution: {integrity: sha512-WAwHBINyrpqywkUH0nTnNgI5ina5TFn85HKS0pbPDfxFfhyR/aNQEn4hGi1P1JyT//I0t4OgXUlofzWILRvS5w==, registry: https://registry.yarnpkg.com/}
    engines: {node: '>=6.9.0'}
    dev: true

  /@babel/helper-hoist-variables/7.18.6:
    resolution: {integrity: sha512-UlJQPkFqFULIcyW5sbzgbkxn2FKRgwWiRexcuaR8RNJRy8+LLveqPjwZV/bwrLZCN0eUHD/x8D0heK1ozuoo6Q==, registry: https://registry.yarnpkg.com/}
    engines: {node: '>=6.9.0'}
    dev: true

  /@babel/helper-module-imports/7.18.6:
    resolution: {integrity: sha512-0NFvs3VkuSYbFi1x2Vd6tKrywq+z/cLeYC/RJNFrIX/30Bf5aiGYbtvGXolEktzJH8o5E5KJ3tT+nkxuuZFVlA==, registry: https://registry.yarnpkg.com/}
    engines: {node: '>=6.9.0'}
    dev: true

  /@babel/helper-module-transforms/7.20.11:
    resolution: {integrity: sha512-uRy78kN4psmji1s2QtbtcCSaj/LILFDp0f/ymhpQH5QY3nljUZCaNWz9X1dEj/8MBdBEFECs7yRhKn8i7NjZgg==, registry: https://registry.yarnpkg.com/}
    engines: {node: '>=6.9.0'}
    dependencies:
      '@babel/helper-environment-visitor': 7.18.9
      '@babel/helper-module-imports': 7.18.6
      '@babel/helper-simple-access': 7.20.2
      '@babel/helper-split-export-declaration': 7.18.6
      '@babel/helper-validator-identifier': 7.19.1
      '@babel/template': 7.20.7
      '@babel/traverse': 7.20.13
      '@babel/types': 7.20.7
    transitivePeerDependencies:
      - supports-color
    dev: true

  /@babel/helper-simple-access/7.20.2:
    resolution: {integrity: sha512-+0woI/WPq59IrqDYbVGfshjT5Dmk/nnbdpcF8SnMhhXObpTq2KNBdLFRFrkVdbDOyUmHBCxzm5FHV1rACIkIbA==, registry: https://registry.yarnpkg.com/}
    engines: {node: '>=6.9.0'}
    dev: true

  /@babel/helper-split-export-declaration/7.18.6:
    resolution: {integrity: sha512-bde1etTx6ZyTmobl9LLMMQsaizFVZrquTEHOqKeQESMKo4PlObf+8+JA25ZsIpZhT/WEd39+vOdLXAFG/nELpA==, registry: https://registry.yarnpkg.com/}
    engines: {node: '>=6.9.0'}
    dev: true

  /@babel/helper-validator-identifier/7.19.1:
    resolution: {integrity: sha512-awrNfaMtnHUr653GgGEs++LlAvW6w+DcPrOliSMXWCKo597CwL5Acf/wWdNkf/tfEQE3mjkeD1YOVZOUV/od1w==, registry: https://registry.yarnpkg.com/}
    engines: {node: '>=6.9.0'}
    dev: true

  /@babel/helper-validator-option/7.18.6:
    resolution: {integrity: sha512-XO7gESt5ouv/LRJdrVjkShckw6STTaB7l9BrpBaAHDeF5YZT+01PCwmR0SJHnkW6i8OwW/EVWRShfi4j2x+KQw==, registry: https://registry.yarnpkg.com/}
    engines: {node: '>=6.9.0'}
    dev: true

  /@babel/helpers/7.20.13:
    resolution: {integrity: sha512-nzJ0DWCL3gB5RCXbUO3KIMMsBY2Eqbx8mBpKGE/02PgyRQFcPQLbkQ1vyy596mZLaP+dAfD+R4ckASzNVmW3jg==, registry: https://registry.yarnpkg.com/}
    engines: {node: '>=6.9.0'}
    dependencies:
      '@babel/template': 7.20.7
      '@babel/traverse': 7.20.13
      '@babel/types': 7.20.7
    transitivePeerDependencies:
      - supports-color
    dev: true

  /@babel/parser/7.20.15:
    resolution: {integrity: sha512-DI4a1oZuf8wC+oAJA9RW6ga3Zbe8RZFt7kD9i4qAspz3I/yHet1VvC3DiSy/fsUvv5pvJuNPh0LPOdCcqinDPg==, registry: https://registry.yarnpkg.com/}
    engines: {node: '>=6.0.0'}
    hasBin: true
    dev: true

  /@babel/standalone/7.20.15:
    resolution: {integrity: sha512-B3LmZ1NHlTb2eFEaw8rftZc730Wh9MlmsH8ubb6IjsNoIk9+SQ2aAA0nrm/1806+PftPRAACPClmKTu8PG7Tew==, registry: https://registry.yarnpkg.com/}
    engines: {node: '>=6.9.0'}
    dev: true

  /@babel/template/7.20.7:
    resolution: {integrity: sha512-8SegXApWe6VoNw0r9JHpSteLKTpTiLZ4rMlGIm9JQ18KiCtyQiAMEazujAHrUS5flrcqYZa75ukev3P6QmUwUw==, registry: https://registry.yarnpkg.com/}
    engines: {node: '>=6.9.0'}
    dev: true

  /@babel/traverse/7.20.13:
    resolution: {integrity: sha512-kMJXfF0T6DIS9E8cgdLCSAL+cuCK+YEZHWiLK0SXpTo8YRj5lpJu3CDNKiIBCne4m9hhTIqUg6SYTAI39tAiVQ==, registry: https://registry.yarnpkg.com/}
    engines: {node: '>=6.9.0'}
    dependencies:
      '@babel/code-frame': 7.18.6
      '@babel/generator': 7.20.14
      '@babel/helper-environment-visitor': 7.18.9
      '@babel/helper-function-name': 7.19.0
      '@babel/helper-hoist-variables': 7.18.6
      '@babel/helper-split-export-declaration': 7.18.6
      '@babel/parser': 7.20.15
      '@babel/types': 7.20.7
      debug: 4.3.4
      globals: 11.12.0
    transitivePeerDependencies:
      - supports-color
    dev: true

  /@babel/types/7.20.7:
    resolution: {integrity: sha512-69OnhBxSSgK0OzTJai4kyPDiKTIe3j+ctaHdIGVbRahTLAT7L3R9oeXHC2aVSuGYt3cVnoAMDmOCgJ2yaiLMvg==, registry: https://registry.yarnpkg.com/}
    engines: {node: '>=6.9.0'}
    dev: true

  /@changesets/cli/2.26.0:
    resolution: {integrity: sha512-0cbTiDms+ICTVtEwAFLNW0jBNex9f5+fFv3I771nBvdnV/mOjd1QJ4+f8KtVSOrwD9SJkk9xbDkWFb0oXd8d1Q==, registry: https://registry.yarnpkg.com/}
    hasBin: true
    dev: true

  /@esbuild/android-arm/0.16.17:
    resolution: {integrity: sha512-N9x1CMXVhtWEAMS7pNNONyA14f71VPQN9Cnavj1XQh6T7bskqiLLrSca4O0Vr8Wdcga943eThxnVp3JLnBMYtw==}
    engines: {node: '>=12'}
    cpu: [arm]
    os: [android]
    requiresBuild: true
    dev: true
    optional: true

  /@esbuild/android-arm/0.17.8:
    resolution: {integrity: sha512-0/rb91GYKhrtbeglJXOhAv9RuYimgI8h623TplY2X+vA4EXnk3Zj1fXZreJ0J3OJJu1bwmb0W7g+2cT/d8/l/w==}
    engines: {node: '>=12'}
    cpu: [arm]
    os: [android]
    requiresBuild: true
    dev: true
    optional: true

  /@esbuild/android-arm64/0.16.17:
    resolution: {integrity: sha512-MIGl6p5sc3RDTLLkYL1MyL8BMRN4tLMRCn+yRJJmEDvYZ2M7tmAf80hx1kbNEUX2KJ50RRtxZ4JHLvCfuB6kBg==}
    engines: {node: '>=12'}
    cpu: [arm64]
    os: [android]
    requiresBuild: true
    dev: true
    optional: true

  /@esbuild/android-arm64/0.17.8:
    resolution: {integrity: sha512-oa/N5j6v1svZQs7EIRPqR8f+Bf8g6HBDjD/xHC02radE/NjKHK7oQmtmLxPs1iVwYyvE+Kolo6lbpfEQ9xnhxQ==}
    engines: {node: '>=12'}
    cpu: [arm64]
    os: [android]
    requiresBuild: true
    dev: true
    optional: true

  /@esbuild/android-x64/0.16.17:
    resolution: {integrity: sha512-a3kTv3m0Ghh4z1DaFEuEDfz3OLONKuFvI4Xqczqx4BqLyuFaFkuaG4j2MtA6fuWEFeC5x9IvqnX7drmRq/fyAQ==}
    engines: {node: '>=12'}
    cpu: [x64]
    os: [android]
    requiresBuild: true
    dev: true
    optional: true

  /@esbuild/android-x64/0.17.8:
    resolution: {integrity: sha512-bTliMLqD7pTOoPg4zZkXqCDuzIUguEWLpeqkNfC41ODBHwoUgZ2w5JBeYimv4oP6TDVocoYmEhZrCLQTrH89bg==}
    engines: {node: '>=12'}
    cpu: [x64]
    os: [android]
    requiresBuild: true
    dev: true
    optional: true

  /@esbuild/darwin-arm64/0.16.17:
    resolution: {integrity: sha512-/2agbUEfmxWHi9ARTX6OQ/KgXnOWfsNlTeLcoV7HSuSTv63E4DqtAc+2XqGw1KHxKMHGZgbVCZge7HXWX9Vn+w==}
    engines: {node: '>=12'}
    cpu: [arm64]
    os: [darwin]
    requiresBuild: true
    dev: true
    optional: true

  /@esbuild/darwin-arm64/0.17.8:
    resolution: {integrity: sha512-ghAbV3ia2zybEefXRRm7+lx8J/rnupZT0gp9CaGy/3iolEXkJ6LYRq4IpQVI9zR97ID80KJVoUlo3LSeA/sMAg==}
    engines: {node: '>=12'}
    cpu: [arm64]
    os: [darwin]
    requiresBuild: true
    dev: true
    optional: true

  /@esbuild/freebsd-arm64/0.16.17:
    resolution: {integrity: sha512-mt+cxZe1tVx489VTb4mBAOo2aKSnJ33L9fr25JXpqQqzbUIw/yzIzi+NHwAXK2qYV1lEFp4OoVeThGjUbmWmdw==}
    engines: {node: '>=12'}
    cpu: [arm64]
    os: [freebsd]
    requiresBuild: true
    dev: true
    optional: true

  /@esbuild/freebsd-arm64/0.17.8:
    resolution: {integrity: sha512-a/SATTaOhPIPFWvHZDoZYgxaZRVHn0/LX1fHLGfZ6C13JqFUZ3K6SMD6/HCtwOQ8HnsNaEeokdiDSFLuizqv5A==}
    engines: {node: '>=12'}
    cpu: [arm64]
    os: [freebsd]
    requiresBuild: true
    dev: true
    optional: true

  /@esbuild/freebsd-x64/0.16.17:
    resolution: {integrity: sha512-8ScTdNJl5idAKjH8zGAsN7RuWcyHG3BAvMNpKOBaqqR7EbUhhVHOqXRdL7oZvz8WNHL2pr5+eIT5c65kA6NHug==}
    engines: {node: '>=12'}
    cpu: [x64]
    os: [freebsd]
    requiresBuild: true
    dev: true
    optional: true

  /@esbuild/freebsd-x64/0.17.8:
    resolution: {integrity: sha512-xpFJb08dfXr5+rZc4E+ooZmayBW6R3q59daCpKZ/cDU96/kvDM+vkYzNeTJCGd8rtO6fHWMq5Rcv/1cY6p6/0Q==}
    engines: {node: '>=12'}
    cpu: [x64]
    os: [freebsd]
    requiresBuild: true
    dev: true
    optional: true

  /@esbuild/linux-arm/0.16.17:
    resolution: {integrity: sha512-iihzrWbD4gIT7j3caMzKb/RsFFHCwqqbrbH9SqUSRrdXkXaygSZCZg1FybsZz57Ju7N/SHEgPyaR0LZ8Zbe9gQ==}
    engines: {node: '>=12'}
    cpu: [arm]
    os: [linux]
    requiresBuild: true
    dev: true
    optional: true

  /@esbuild/linux-arm/0.17.8:
    resolution: {integrity: sha512-6Ij8gfuGszcEwZpi5jQIJCVIACLS8Tz2chnEBfYjlmMzVsfqBP1iGmHQPp7JSnZg5xxK9tjCc+pJ2WtAmPRFVA==}
    engines: {node: '>=12'}
    cpu: [arm]
    os: [linux]
    requiresBuild: true
    dev: true
    optional: true

  /@esbuild/linux-arm64/0.16.17:
    resolution: {integrity: sha512-7S8gJnSlqKGVJunnMCrXHU9Q8Q/tQIxk/xL8BqAP64wchPCTzuM6W3Ra8cIa1HIflAvDnNOt2jaL17vaW+1V0g==}
    engines: {node: '>=12'}
    cpu: [arm64]
    os: [linux]
    requiresBuild: true
    dev: true
    optional: true

  /@esbuild/linux-arm64/0.17.8:
    resolution: {integrity: sha512-v3iwDQuDljLTxpsqQDl3fl/yihjPAyOguxuloON9kFHYwopeJEf1BkDXODzYyXEI19gisEsQlG1bM65YqKSIww==}
    engines: {node: '>=12'}
    cpu: [arm64]
    os: [linux]
    requiresBuild: true
    dev: true
    optional: true

  /@esbuild/linux-ia32/0.16.17:
    resolution: {integrity: sha512-kiX69+wcPAdgl3Lonh1VI7MBr16nktEvOfViszBSxygRQqSpzv7BffMKRPMFwzeJGPxcio0pdD3kYQGpqQ2SSg==}
    engines: {node: '>=12'}
    cpu: [ia32]
    os: [linux]
    requiresBuild: true
    dev: true
    optional: true

  /@esbuild/linux-ia32/0.17.8:
    resolution: {integrity: sha512-8svILYKhE5XetuFk/B6raFYIyIqydQi+GngEXJgdPdI7OMKUbSd7uzR02wSY4kb53xBrClLkhH4Xs8P61Q2BaA==}
    engines: {node: '>=12'}
    cpu: [ia32]
    os: [linux]
    requiresBuild: true
    dev: true
    optional: true

  /@esbuild/linux-loong64/0.16.17:
    resolution: {integrity: sha512-dTzNnQwembNDhd654cA4QhbS9uDdXC3TKqMJjgOWsC0yNCbpzfWoXdZvp0mY7HU6nzk5E0zpRGGx3qoQg8T2DQ==}
    engines: {node: '>=12'}
    cpu: [loong64]
    os: [linux]
    requiresBuild: true
    dev: true
    optional: true

  /@esbuild/linux-loong64/0.17.8:
    resolution: {integrity: sha512-B6FyMeRJeV0NpyEOYlm5qtQfxbdlgmiGdD+QsipzKfFky0K5HW5Td6dyK3L3ypu1eY4kOmo7wW0o94SBqlqBSA==}
    engines: {node: '>=12'}
    cpu: [loong64]
    os: [linux]
    requiresBuild: true
    dev: true
    optional: true

  /@esbuild/linux-mips64el/0.16.17:
    resolution: {integrity: sha512-ezbDkp2nDl0PfIUn0CsQ30kxfcLTlcx4Foz2kYv8qdC6ia2oX5Q3E/8m6lq84Dj/6b0FrkgD582fJMIfHhJfSw==}
    engines: {node: '>=12'}
    cpu: [mips64el]
    os: [linux]
    requiresBuild: true
    dev: true
    optional: true

  /@esbuild/linux-mips64el/0.17.8:
    resolution: {integrity: sha512-CCb67RKahNobjm/eeEqeD/oJfJlrWyw29fgiyB6vcgyq97YAf3gCOuP6qMShYSPXgnlZe/i4a8WFHBw6N8bYAA==}
    engines: {node: '>=12'}
    cpu: [mips64el]
    os: [linux]
    requiresBuild: true
    dev: true
    optional: true

  /@esbuild/linux-ppc64/0.16.17:
    resolution: {integrity: sha512-dzS678gYD1lJsW73zrFhDApLVdM3cUF2MvAa1D8K8KtcSKdLBPP4zZSLy6LFZ0jYqQdQ29bjAHJDgz0rVbLB3g==}
    engines: {node: '>=12'}
    cpu: [ppc64]
    os: [linux]
    requiresBuild: true
    dev: true
    optional: true

  /@esbuild/linux-ppc64/0.17.8:
    resolution: {integrity: sha512-bytLJOi55y55+mGSdgwZ5qBm0K9WOCh0rx+vavVPx+gqLLhxtSFU0XbeYy/dsAAD6xECGEv4IQeFILaSS2auXw==}
    engines: {node: '>=12'}
    cpu: [ppc64]
    os: [linux]
    requiresBuild: true
    dev: true
    optional: true

  /@esbuild/linux-riscv64/0.16.17:
    resolution: {integrity: sha512-ylNlVsxuFjZK8DQtNUwiMskh6nT0vI7kYl/4fZgV1llP5d6+HIeL/vmmm3jpuoo8+NuXjQVZxmKuhDApK0/cKw==}
    engines: {node: '>=12'}
    cpu: [riscv64]
    os: [linux]
    requiresBuild: true
    dev: true
    optional: true

  /@esbuild/linux-riscv64/0.17.8:
    resolution: {integrity: sha512-2YpRyQJmKVBEHSBLa8kBAtbhucaclb6ex4wchfY0Tj3Kg39kpjeJ9vhRU7x4mUpq8ISLXRXH1L0dBYjAeqzZAw==}
    engines: {node: '>=12'}
    cpu: [riscv64]
    os: [linux]
    requiresBuild: true
    dev: true
    optional: true

  /@esbuild/linux-s390x/0.16.17:
    resolution: {integrity: sha512-gzy7nUTO4UA4oZ2wAMXPNBGTzZFP7mss3aKR2hH+/4UUkCOyqmjXiKpzGrY2TlEUhbbejzXVKKGazYcQTZWA/w==}
    engines: {node: '>=12'}
    cpu: [s390x]
    os: [linux]
    requiresBuild: true
    dev: true
    optional: true

  /@esbuild/linux-s390x/0.17.8:
    resolution: {integrity: sha512-QgbNY/V3IFXvNf11SS6exkpVcX0LJcob+0RWCgV9OiDAmVElnxciHIisoSix9uzYzScPmS6dJFbZULdSAEkQVw==}
    engines: {node: '>=12'}
    cpu: [s390x]
    os: [linux]
    requiresBuild: true
    dev: true
    optional: true

  /@esbuild/linux-x64/0.16.17:
    resolution: {integrity: sha512-mdPjPxfnmoqhgpiEArqi4egmBAMYvaObgn4poorpUaqmvzzbvqbowRllQ+ZgzGVMGKaPkqUmPDOOFQRUFDmeUw==}
    engines: {node: '>=12'}
    cpu: [x64]
    os: [linux]
    requiresBuild: true
    dev: true
    optional: true

  /@esbuild/linux-x64/0.17.8:
    resolution: {integrity: sha512-mM/9S0SbAFDBc4OPoyP6SEOo5324LpUxdpeIUUSrSTOfhHU9hEfqRngmKgqILqwx/0DVJBzeNW7HmLEWp9vcOA==}
    engines: {node: '>=12'}
    cpu: [x64]
    os: [linux]
    requiresBuild: true
    dev: true
    optional: true

  /@esbuild/netbsd-x64/0.16.17:
    resolution: {integrity: sha512-/PzmzD/zyAeTUsduZa32bn0ORug+Jd1EGGAUJvqfeixoEISYpGnAezN6lnJoskauoai0Jrs+XSyvDhppCPoKOA==}
    engines: {node: '>=12'}
    cpu: [x64]
    os: [netbsd]
    requiresBuild: true
    dev: true
    optional: true

  /@esbuild/netbsd-x64/0.17.8:
    resolution: {integrity: sha512-eKUYcWaWTaYr9zbj8GertdVtlt1DTS1gNBWov+iQfWuWyuu59YN6gSEJvFzC5ESJ4kMcKR0uqWThKUn5o8We6Q==}
    engines: {node: '>=12'}
    cpu: [x64]
    os: [netbsd]
    requiresBuild: true
    dev: true
    optional: true

  /@esbuild/openbsd-x64/0.16.17:
    resolution: {integrity: sha512-2yaWJhvxGEz2RiftSk0UObqJa/b+rIAjnODJgv2GbGGpRwAfpgzyrg1WLK8rqA24mfZa9GvpjLcBBg8JHkoodg==}
    engines: {node: '>=12'}
    cpu: [x64]
    os: [openbsd]
    requiresBuild: true
    dev: true
    optional: true

  /@esbuild/openbsd-x64/0.17.8:
    resolution: {integrity: sha512-Vc9J4dXOboDyMXKD0eCeW0SIeEzr8K9oTHJU+Ci1mZc5njPfhKAqkRt3B/fUNU7dP+mRyralPu8QUkiaQn7iIg==}
    engines: {node: '>=12'}
    cpu: [x64]
    os: [openbsd]
    requiresBuild: true
    dev: true
    optional: true

  /@esbuild/sunos-x64/0.16.17:
    resolution: {integrity: sha512-xtVUiev38tN0R3g8VhRfN7Zl42YCJvyBhRKw1RJjwE1d2emWTVToPLNEQj/5Qxc6lVFATDiy6LjVHYhIPrLxzw==}
    engines: {node: '>=12'}
    cpu: [x64]
    os: [sunos]
    requiresBuild: true
    dev: true
    optional: true

  /@esbuild/sunos-x64/0.17.8:
    resolution: {integrity: sha512-0xvOTNuPXI7ft1LYUgiaXtpCEjp90RuBBYovdd2lqAFxje4sEucurg30M1WIm03+3jxByd3mfo+VUmPtRSVuOw==}
    engines: {node: '>=12'}
    cpu: [x64]
    os: [sunos]
    requiresBuild: true
    dev: true
    optional: true

  /@esbuild/win32-arm64/0.16.17:
    resolution: {integrity: sha512-ga8+JqBDHY4b6fQAmOgtJJue36scANy4l/rL97W+0wYmijhxKetzZdKOJI7olaBaMhWt8Pac2McJdZLxXWUEQw==}
    engines: {node: '>=12'}
    cpu: [arm64]
    os: [win32]
    requiresBuild: true
    dev: true
    optional: true

  /@esbuild/win32-arm64/0.17.8:
    resolution: {integrity: sha512-G0JQwUI5WdEFEnYNKzklxtBheCPkuDdu1YrtRrjuQv30WsYbkkoixKxLLv8qhJmNI+ATEWquZe/N0d0rpr55Mg==}
    engines: {node: '>=12'}
    cpu: [arm64]
    os: [win32]
    requiresBuild: true
    dev: true
    optional: true

  /@esbuild/win32-ia32/0.16.17:
    resolution: {integrity: sha512-WnsKaf46uSSF/sZhwnqE4L/F89AYNMiD4YtEcYekBt9Q7nj0DiId2XH2Ng2PHM54qi5oPrQ8luuzGszqi/veig==}
    engines: {node: '>=12'}
    cpu: [ia32]
    os: [win32]
    requiresBuild: true
    dev: true
    optional: true

  /@esbuild/win32-ia32/0.17.8:
    resolution: {integrity: sha512-Fqy63515xl20OHGFykjJsMnoIWS+38fqfg88ClvPXyDbLtgXal2DTlhb1TfTX34qWi3u4I7Cq563QcHpqgLx8w==}
    engines: {node: '>=12'}
    cpu: [ia32]
    os: [win32]
    requiresBuild: true
    dev: true
    optional: true

  /@esbuild/win32-x64/0.16.17:
    resolution: {integrity: sha512-y+EHuSchhL7FjHgvQL/0fnnFmO4T1bhvWANX6gcnqTjtnKWbTvUMCpGnv2+t+31d7RzyEAYAd4u2fnIhHL6N/Q==}
    engines: {node: '>=12'}
    cpu: [x64]
    os: [win32]
    requiresBuild: true
    dev: true
    optional: true

  /@esbuild/win32-x64/0.17.8:
    resolution: {integrity: sha512-1iuezdyDNngPnz8rLRDO2C/ZZ/emJLb72OsZeqQ6gL6Avko/XCXZw+NuxBSNhBAP13Hie418V7VMt9et1FMvpg==}
    engines: {node: '>=12'}
    cpu: [x64]
    os: [win32]
    requiresBuild: true
    dev: true
    optional: true

  /@rollup/plugin-alias/4.0.3_rollup@3.15.0:
    resolution: {integrity: sha512-ZuDWE1q4PQDhvm/zc5Prun8sBpLJy41DMptYrS6MhAy9s9kL/doN1613BWfEchGVfKxzliJ3BjbOPizXX38DbQ==, registry: https://registry.yarnpkg.com/}
    engines: {node: '>=14.0.0'}
    peerDependencies:
      rollup: ^1.20.0||^2.0.0||^3.0.0
    peerDependenciesMeta:
      rollup:
        optional: true
    dependencies:
      rollup: 3.15.0
      slash: 4.0.0
    dev: true

  /@rollup/plugin-commonjs/24.0.1_rollup@3.15.0:
    resolution: {integrity: sha512-15LsiWRZk4eOGqvrJyu3z3DaBu5BhXIMeWnijSRvd8irrrg9SHpQ1pH+BUK4H6Z9wL9yOxZJMTLU+Au86XHxow==, registry: https://registry.yarnpkg.com/}
    engines: {node: '>=14.0.0'}
    peerDependencies:
      rollup: ^2.68.0||^3.0.0
    peerDependenciesMeta:
      rollup:
        optional: true
    dependencies:
      '@rollup/pluginutils': 5.0.2_rollup@3.15.0
      commondir: 1.0.1
      estree-walker: 2.0.2
      glob: 8.1.0
      is-reference: 1.2.1
      magic-string: 0.27.0
      rollup: 3.15.0
    dev: true

  /@rollup/plugin-json/6.0.0_rollup@3.15.0:
    resolution: {integrity: sha512-i/4C5Jrdr1XUarRhVu27EEwjt4GObltD7c+MkCIpO2QIbojw8MUs+CCTqOphQi3Qtg1FLmYt+l+6YeoIf51J7w==, registry: https://registry.yarnpkg.com/}
    engines: {node: '>=14.0.0'}
    peerDependencies:
      rollup: ^1.20.0||^2.0.0||^3.0.0
    peerDependenciesMeta:
      rollup:
        optional: true
    dependencies:
      '@rollup/pluginutils': 5.0.2_rollup@3.15.0
      rollup: 3.15.0
    dev: true

  /@rollup/plugin-node-resolve/15.0.1_rollup@3.15.0:
    resolution: {integrity: sha512-ReY88T7JhJjeRVbfCyNj+NXAG3IIsVMsX9b5/9jC98dRP8/yxlZdz7mHZbHk5zHr24wZZICS5AcXsFZAXYUQEg==, registry: https://registry.yarnpkg.com/}
    engines: {node: '>=14.0.0'}
    peerDependencies:
      rollup: ^2.78.0||^3.0.0
    peerDependenciesMeta:
      rollup:
        optional: true
    dependencies:
      '@rollup/pluginutils': 5.0.2_rollup@3.15.0
      '@types/resolve': 1.20.2
      deepmerge: 4.3.0
      is-builtin-module: 3.2.1
      is-module: 1.0.0
      resolve: 1.22.1
      rollup: 3.15.0
    dev: true

  /@rollup/plugin-replace/5.0.2_rollup@3.15.0:
    resolution: {integrity: sha512-M9YXNekv/C/iHHK+cvORzfRYfPbq0RDD8r0G+bMiTXjNGKulPnCT9O3Ss46WfhI6ZOCgApOP7xAdmCQJ+U2LAA==, registry: https://registry.yarnpkg.com/}
    engines: {node: '>=14.0.0'}
    peerDependencies:
      rollup: ^1.20.0||^2.0.0||^3.0.0
    peerDependenciesMeta:
      rollup:
        optional: true
    dependencies:
      '@rollup/pluginutils': 5.0.2_rollup@3.15.0
      magic-string: 0.27.0
      rollup: 3.15.0
    dev: true

  /@rollup/pluginutils/5.0.2_rollup@3.15.0:
    resolution: {integrity: sha512-pTd9rIsP92h+B6wWwFbW8RkZv4hiR/xKsqre4SIuAOaOEQRxi0lqLke9k2/7WegC85GgUs9pjmOjCUi3In4vwA==, registry: https://registry.yarnpkg.com/}
    engines: {node: '>=14.0.0'}
    peerDependencies:
      rollup: ^1.20.0||^2.0.0||^3.0.0
    peerDependenciesMeta:
      rollup:
        optional: true
    dependencies:
      '@types/estree': 1.0.0
      estree-walker: 2.0.2
      picomatch: 2.3.1
      rollup: 3.15.0
    dev: true

  /@types/estree/1.0.0:
    resolution: {integrity: sha512-WulqXMDUTYAXCjZnk6JtIHPigp55cVtDgDrO2gHRwhyJto21+1zbVCtOYB2L1F9w4qCQ0rOGWBnBe0FNTiEJIQ==, registry: https://registry.yarnpkg.com/}
    dev: true

  /@types/node/18.13.0:
    resolution: {integrity: sha512-gC3TazRzGoOnoKAhUx+Q0t8S9Tzs74z7m0ipwGpSqQrleP14hKxP4/JUeEQcD3W1/aIpnWl8pHowI7WokuZpXg==, registry: https://registry.yarnpkg.com/}
    dev: true

  /@types/resolve/1.20.2:
    resolution: {integrity: sha512-60BCwRFOZCQhDncwQdxxeOEEkbc5dIMccYLwbxsS4TUNeVECQ/pBJ0j09mrHOl/JJvpRPGwO9SvE4nR2Nb/a4Q==, registry: https://registry.yarnpkg.com/}
    dev: true

  /boxen/7.0.1:
    resolution: {integrity: sha512-8k2eH6SRAK00NDl1iX5q17RJ8rfl53TajdYxE3ssMLehbg487dEVgsad4pIsZb/QqBgYWIl6JOauMTLGX2Kpkw==, registry: https://registry.yarnpkg.com/}
    engines: {node: '>=14.16'}
    dev: false

  /browserslist/4.21.5:
    resolution: {integrity: sha512-tUkiguQGW7S3IhB7N+c2MV/HZPSCPAAiYBZXLsBhFB/PCy6ZKKsZrmBayHV9fdGV/ARIfJ14NkxKzRDjvp7L6w==, registry: https://registry.yarnpkg.com/}
    engines: {node: ^6 || ^7 || ^8 || ^9 || ^10 || ^11 || ^12 || >=13.7}
    hasBin: true
    dependencies:
      caniuse-lite: 1.0.30001451
      electron-to-chromium: 1.4.295
      node-releases: 2.0.10
      update-browserslist-db: 1.0.10_browserslist@4.21.5
    dev: true

  /caniuse-lite/1.0.30001451:
    resolution: {integrity: sha512-XY7UbUpGRatZzoRft//5xOa69/1iGJRBlrieH6QYrkKLIFn3m7OVEJ81dSrKoy2BnKsdbX5cLrOispZNYo9v2w==, registry: https://registry.yarnpkg.com/}
    dev: true

  /chalk/5.2.0:
    resolution: {integrity: sha512-ree3Gqw/nazQAPuJJEy+avdl7QfZMcUvmHIKgEZkGL+xOBzRvup5Hxo6LHuMceSxOabuJLJm5Yp/92R9eMmMvA==, registry: https://registry.yarnpkg.com/}
    engines: {node: ^12.17.0 || ^14.13 || >=16.0.0}
    dev: true

  /commondir/1.0.1:
    resolution: {integrity: sha512-W9pAhw0ja1Edb5GVdIF1mjZw/ASI0AlShXM83UUGe2DVr5TdAPEA1OA8m/g8zWp9x6On7gqufY+FatDbC3MDQg==, registry: https://registry.yarnpkg.com/}
    dev: true

  /consola/2.15.3:
    resolution: {integrity: sha512-9vAdYbHj6x2fLKC4+oPH0kFzY/orMZyG2Aj+kNylHxKGJ/Ed4dpNyAQYwJOdqO4zdM7XpVHmyejQDcQHrnuXbw==, registry: https://registry.yarnpkg.com/}
    dev: true

  /convert-source-map/1.9.0:
    resolution: {integrity: sha512-ASFBup0Mz1uyiIjANan1jzLQami9z1PoYSZCiiYW2FczPbenXc45FZdBZLzOT+r6+iciuEModtmCti+hjaAk0A==, registry: https://registry.yarnpkg.com/}
    dev: true

  /debug/4.3.4:
    resolution: {integrity: sha512-PRWFHuSU3eDtQJPvnNY7Jcket1j0t5OuOsFzPPzsekD52Zl8qUfFIPEiswXqIvHWGVHOgX+7G/vCNNhehwxfkQ==, registry: https://registry.yarnpkg.com/}
    engines: {node: '>=6.0'}
    peerDependencies:
      supports-color: '*'
    peerDependenciesMeta:
      supports-color:
        optional: true
    dependencies:
      ms: 2.1.2
    dev: true

  /deepmerge/4.3.0:
    resolution: {integrity: sha512-z2wJZXrmeHdvYJp/Ux55wIjqo81G5Bp4c+oELTW+7ar6SogWHajt5a9gO3s3IDaGSAXjDk0vlQKN3rms8ab3og==, registry: https://registry.yarnpkg.com/}
    engines: {node: '>=0.10.0'}
    dev: true

  /defu/6.1.2:
    resolution: {integrity: sha512-+uO4+qr7msjNNWKYPHqN/3+Dx3NFkmIzayk2L1MyZQlvgZb/J1A0fo410dpKrN2SnqFjt8n4JL8fDJE0wIgjFQ==, registry: https://registry.yarnpkg.com/}
    dev: true

  /electron-to-chromium/1.4.295:
    resolution: {integrity: sha512-lEO94zqf1bDA3aepxwnWoHUjA8sZ+2owgcSZjYQy0+uOSEclJX0VieZC+r+wLpSxUHRd6gG32znTWmr+5iGzFw==, registry: https://registry.yarnpkg.com/}
    dev: true

  /esbuild/0.16.17:
    resolution: {integrity: sha512-G8LEkV0XzDMNwXKgM0Jwu3nY3lSTwSGY6XbxM9cr9+s0T/qSV1q1JVPBGzm3dcjhCic9+emZDmMffkwgPeOeLg==, registry: https://registry.yarnpkg.com/}
    engines: {node: '>=12'}
    hasBin: true
    requiresBuild: true
    optionalDependencies:
      '@esbuild/android-arm': 0.16.17
      '@esbuild/android-arm64': 0.16.17
      '@esbuild/android-x64': 0.16.17
      '@esbuild/darwin-arm64': 0.16.17
      '@esbuild/freebsd-arm64': 0.16.17
      '@esbuild/freebsd-x64': 0.16.17
      '@esbuild/linux-arm': 0.16.17
      '@esbuild/linux-arm64': 0.16.17
      '@esbuild/linux-ia32': 0.16.17
      '@esbuild/linux-loong64': 0.16.17
      '@esbuild/linux-mips64el': 0.16.17
      '@esbuild/linux-ppc64': 0.16.17
      '@esbuild/linux-riscv64': 0.16.17
      '@esbuild/linux-s390x': 0.16.17
      '@esbuild/linux-x64': 0.16.17
      '@esbuild/netbsd-x64': 0.16.17
      '@esbuild/openbsd-x64': 0.16.17
      '@esbuild/sunos-x64': 0.16.17
      '@esbuild/win32-arm64': 0.16.17
      '@esbuild/win32-ia32': 0.16.17
      '@esbuild/win32-x64': 0.16.17
    dev: true

  /esbuild/0.17.8:
    resolution: {integrity: sha512-g24ybC3fWhZddZK6R3uD2iF/RIPnRpwJAqLov6ouX3hMbY4+tKolP0VMF3zuIYCaXun+yHwS5IPQ91N2BT191g==, registry: https://registry.yarnpkg.com/}
    engines: {node: '>=12'}
    hasBin: true
    requiresBuild: true
    optionalDependencies:
      '@esbuild/android-arm': 0.17.8
      '@esbuild/android-arm64': 0.17.8
      '@esbuild/android-x64': 0.17.8
      '@esbuild/darwin-arm64': 0.17.8
      '@esbuild/freebsd-arm64': 0.17.8
      '@esbuild/freebsd-x64': 0.17.8
      '@esbuild/linux-arm': 0.17.8
      '@esbuild/linux-arm64': 0.17.8
      '@esbuild/linux-ia32': 0.17.8
      '@esbuild/linux-loong64': 0.17.8
      '@esbuild/linux-mips64el': 0.17.8
      '@esbuild/linux-ppc64': 0.17.8
      '@esbuild/linux-riscv64': 0.17.8
      '@esbuild/linux-s390x': 0.17.8
      '@esbuild/linux-x64': 0.17.8
      '@esbuild/netbsd-x64': 0.17.8
      '@esbuild/openbsd-x64': 0.17.8
      '@esbuild/sunos-x64': 0.17.8
      '@esbuild/win32-arm64': 0.17.8
      '@esbuild/win32-ia32': 0.17.8
      '@esbuild/win32-x64': 0.17.8
    dev: true

  /escalade/3.1.1:
    resolution: {integrity: sha512-k0er2gUkLf8O0zKJiAhmkTnJlTvINGv7ygDNPbeIsX/TJjGJZHuh9B2UxbsaEkmlEo9MfhrSzmhIlhRlI2GXnw==, registry: https://registry.yarnpkg.com/}
    engines: {node: '>=6'}
    dev: true

  /estree-walker/2.0.2:
    resolution: {integrity: sha512-Rfkk/Mp/DL7JVje3u18FxFujQlTNR2q6QfMSMB7AvCBx91NGj/ba3kCfza0f6dVDbw7YlRf/nDrn7pQrCCyQ/w==, registry: https://registry.yarnpkg.com/}
    dev: true

  /fs-extra/11.1.0:
    resolution: {integrity: sha512-0rcTq621PD5jM/e0a3EJoGC/1TC5ZBCERW82LQuwfGnCa1V8w7dpYH1yNu+SLb6E5dkeCBzKEyLGlFrnr+dUyw==, registry: https://registry.yarnpkg.com/}
    engines: {node: '>=14.14'}
    dev: true

  /gensync/1.0.0-beta.2:
    resolution: {integrity: sha512-3hN7NaskYvMDLQY55gnW3NQ+mesEAepTqlg+VEbj7zzqEMBVNhzcGYYeqFo/TlYz6eQiFcp1HcsCZO+nGgS8zg==, registry: https://registry.yarnpkg.com/}
    engines: {node: '>=6.9.0'}
    dev: true

  /glob/8.1.0:
    resolution: {integrity: sha512-r8hpEjiQEYlF2QU0df3dS+nxxSIreXQS1qRhMJM0Q5NDdR386C7jb7Hwwod8Fgiuex+k0GFjgft18yvxm5XoCQ==, registry: https://registry.yarnpkg.com/}
    engines: {node: '>=12'}
    dev: true

  /globals/11.12.0:
    resolution: {integrity: sha512-WOBp/EEGUiIsJSp7wcv/y6MO+lV9UoncWqxuFfm8eBwzWNgyfBd6Gz+IeKQ9jCmyhoH99g15M3T+QaVHFjizVA==, registry: https://registry.yarnpkg.com/}
    engines: {node: '>=4'}
    dev: true

  /globby/13.1.3:
    resolution: {integrity: sha512-8krCNHXvlCgHDpegPzleMq07yMYTO2sXKASmZmquEYWEmCx6J5UTRbp5RwMJkTJGtcQ44YpiUYUiN0b9mzy8Bw==, registry: https://registry.yarnpkg.com/}
    engines: {node: ^12.20.0 || ^14.13.1 || >=16.0.0}
    dev: true

  /hookable/5.4.2:
    resolution: {integrity: sha512-6rOvaUiNKy9lET1X0ECnyZ5O5kSV0PJbtA5yZUgdEF7fGJEVwSLSislltyt7nFwVVALYHQJtfGeAR2Y0A0uJkg==, registry: https://registry.yarnpkg.com/}
    dev: true

  /is-builtin-module/3.2.1:
    resolution: {integrity: sha512-BSLE3HnV2syZ0FK0iMA/yUGplUeMmNz4AW5fnTunbCIqZi4vG3WjJT9FHMy5D69xmAYBHXQhJdALdpwVxV501A==, registry: https://registry.yarnpkg.com/}
    engines: {node: '>=6'}
    dev: true

  /is-module/1.0.0:
    resolution: {integrity: sha512-51ypPSPCoTEIN9dy5Oy+h4pShgJmPCygKfyRCISBI+JoWT/2oJvK8QPxmwv7b/p239jXrm9M1mlQbyKJ5A152g==, registry: https://registry.yarnpkg.com/}
    dev: true

  /is-reference/1.2.1:
    resolution: {integrity: sha512-U82MsXXiFIrjCK4otLT+o2NA2Cd2g5MLoOVXUZjIOhLurrRxpEXzI8O0KZHr3IjLvlAH1kTPYSuqer5T9ZVBKQ==, registry: https://registry.yarnpkg.com/}
    dev: true

  /jiti/1.17.0:
    resolution: {integrity: sha512-CByzPgFqYoB9odEeef7GNmQ3S5THIBOtzRYoSCya2Sv27AuQxy2jgoFjQ6VTF53xsq1MXRm+YWNvOoDHUAteOw==, registry: https://registry.yarnpkg.com/}
    hasBin: true
    dev: true

  /json5/2.2.3:
    resolution: {integrity: sha512-XmOWe7eyHYH14cLdVPoyg+GOH3rYX++KpzrylJwSW98t3Nk+U8XOl8FWKOgwtzdb8lXGf6zYwDUzeHMWfxasyg==, registry: https://registry.yarnpkg.com/}
    engines: {node: '>=6'}
    hasBin: true
    dev: true

  /lru-cache/5.1.1:
    resolution: {integrity: sha512-KpNARQA3Iwv+jTA0utUVVbrh+Jlrr1Fv0e56GGzAFOXN7dk/FviaDW8LHmK52DlcH4WP2n6gI8vN1aesBFgo9w==, registry: https://registry.yarnpkg.com/}
    dev: true

  /magic-string/0.27.0:
    resolution: {integrity: sha512-8UnnX2PeRAPZuN12svgR9j7M1uWMovg/CEnIwIG0LFkXSJJe4PdfUGiTGl8V9bsBHFUtfVINcSyYxd7q+kx9fA==, registry: https://registry.yarnpkg.com/}
    engines: {node: '>=12'}
    dev: true

  /mkdirp/1.0.4:
    resolution: {integrity: sha512-vVqVZQyf3WLx2Shd0qJ9xuvqgAyKPLAiqITEtqW0oIUjzo3PePDd6fW9iFz30ef7Ysp/oiWqbhszeGWW2T6Gzw==, registry: https://registry.yarnpkg.com/}
    engines: {node: '>=10'}
    hasBin: true
    dev: true

  /mkdist/1.1.1_typescript@4.9.5:
    resolution: {integrity: sha512-9cEzCsBD0qpybR/lJMB0vRIDZiHP7hJHTN2mQtFU2qt0vr7lFnghxersOJbKLshaDsl4GlnY2OBzmRRUTfuaDg==, registry: https://registry.yarnpkg.com/}
    hasBin: true
    peerDependencies:
      sass: ^1.58.0
      typescript: '>=4.9.5'
    peerDependenciesMeta:
      sass:
        optional: true
      typescript:
        optional: true
    dependencies:
      defu: 6.1.2
      esbuild: 0.17.8
      fs-extra: 11.1.0
      globby: 13.1.3
      jiti: 1.17.0
      mri: 1.2.0
      pathe: 1.1.0
      typescript: 4.9.5
    dev: true

  /mlly/1.1.0:
    resolution: {integrity: sha512-cwzBrBfwGC1gYJyfcy8TcZU1f+dbH/T+TuOhtYP2wLv/Fb51/uV7HJQfBPtEupZ2ORLRU1EKFS/QfS3eo9+kBQ==, registry: https://registry.yarnpkg.com/}
    dev: true

  /mri/1.2.0:
    resolution: {integrity: sha512-tzzskb3bG8LvYGFF/mDTpq3jpI6Q9wc3LEmBaghu+DdCssd1FakN7Bc0hVNmEyGq1bq3RgfkCb3cmQLpNPOroA==, registry: https://registry.yarnpkg.com/}
    engines: {node: '>=4'}
    dev: true

  /ms/2.1.2:
    resolution: {integrity: sha512-sGkPx+VjMtmA6MX27oA4FBFELFCZZ4S4XqeGOXCv68tT+jb3vk/RyaKWP0PTKyWtmLSM0b+adUTEvbs1PEaH2w==, registry: https://registry.yarnpkg.com/}
    dev: true

  /node-releases/2.0.10:
    resolution: {integrity: sha512-5GFldHPXVG/YZmFzJvKK2zDSzPKhEp0+ZR5SVaoSag9fsL5YgHbUHDfnG5494ISANDcK4KwPXAx2xqVEydmd7w==, registry: https://registry.yarnpkg.com/}
    dev: true

  /pathe/1.1.0:
    resolution: {integrity: sha512-ODbEPR0KKHqECXW1GoxdDb+AZvULmXjVPy4rt+pGo2+TnjJTIPJQSVS6N63n8T2Ip+syHhbn52OewKicV0373w==, registry: https://registry.yarnpkg.com/}
    dev: true

  /picocolors/1.0.0:
    resolution: {integrity: sha512-1fygroTLlHu66zi26VoTDv8yRgm0Fccecssto+MhsZ0D/DGW2sm8E8AjW7NU5VVTRt5GxbeZ5qBuJr+HyLYkjQ==, registry: https://registry.yarnpkg.com/}

  /picomatch/2.3.1:
    resolution: {integrity: sha512-JU3teHTNjmE2VCGFzuY8EXzCDVwEqB2a8fsIvwaStHhAWJEeVd1o1QD80CU6+ZdEXXSLbSsuLwJjkCBWqRQUVA==, registry: https://registry.yarnpkg.com/}
    engines: {node: '>=8.6'}
    dev: true

  /pkg-types/1.0.1:
    resolution: {integrity: sha512-jHv9HB+Ho7dj6ItwppRDDl0iZRYBD0jsakHXtFgoLr+cHSF6xC+QL54sJmWxyGxOLYSHm0afhXhXcQDQqH9z8g==, registry: https://registry.yarnpkg.com/}
    dev: true

  /pretty-bytes/6.1.0:
    resolution: {integrity: sha512-Rk753HI8f4uivXi4ZCIYdhmG1V+WKzvRMg/X+M42a6t7D07RcmopXJMDNk6N++7Bl75URRGsb40ruvg7Hcp2wQ==, registry: https://registry.yarnpkg.com/}
    engines: {node: ^14.13.1 || >=16.0.0}
    dev: true

  /resolve/1.22.1:
    resolution: {integrity: sha512-nBpuuYuY5jFsli/JIs1oldw6fOQCBioohqWZg/2hiaOybXOft4lonv85uDOKXdf8rhyK159cxU5cDcK/NKk8zw==, registry: https://registry.yarnpkg.com/}
    hasBin: true
    dev: true

  /rollup-plugin-dts/5.1.1_xswiuafr57fmdlvfpvse52fe3e:
    resolution: {integrity: sha512-zpgo52XmnLg8w4k3MScinFHZK1+ro6r7uVe34fJ0Ee8AM45FvgvTuvfWWaRgIpA4pQ1BHJuu2ospncZhkcJVeA==, registry: https://registry.yarnpkg.com/}
    engines: {node: '>=v14'}
    peerDependencies:
      rollup: ^3.0.0
      typescript: ^4.1
    dependencies:
      magic-string: 0.27.0
      rollup: 3.15.0
      typescript: 4.9.5
    optionalDependencies:
      '@babel/code-frame': 7.18.6
    dev: true

  /rollup/3.15.0:
    resolution: {integrity: sha512-F9hrCAhnp5/zx/7HYmftvsNBkMfLfk/dXUh73hPSM2E3CRgap65orDNJbLetoiUFwSAk6iHPLvBrZ5iHYvzqsg==, registry: https://registry.yarnpkg.com/}
    engines: {node: '>=14.18.0', npm: '>=8.0.0'}
    hasBin: true
    dev: true

  /scule/1.0.0:
    resolution: {integrity: sha512-4AsO/FrViE/iDNEPaAQlb77tf0csuq27EsVpy6ett584EcRTp6pTDLoGWVxCD77y5iU5FauOvhsI4o1APwPoSQ==, registry: https://registry.yarnpkg.com/}
    dev: true

  /semver/6.3.0:
    resolution: {integrity: sha512-b39TBaTSfV6yBrapU89p5fKekE2m/NwnDocOVruQFS1/veMgdzuPcnOM34M6CwxW8jH/lxEa5rBoDeUwu5HHTw==, registry: https://registry.yarnpkg.com/}
    hasBin: true
    dev: true

  /sisteransi/1.0.5:
    resolution: {integrity: sha512-bLGGlR1QxBcynn2d5YmDX4MGjlZvy2MRBDRNHLJ8VI6l6+9FUiyTFNJ0IveOSP0bcXgVDPRcfGqA0pjaqUpfVg==, registry: https://registry.yarnpkg.com/}
    dev: false

  /slash/4.0.0:
    resolution: {integrity: sha512-3dOsAHXXUkQTpOYcoAxLIorMTp4gIQr5IW3iVb7A7lFIp0VHhnynm9izx6TssdrIcVIESAlVjtnO2K8bg+Coew==, registry: https://registry.yarnpkg.com/}
    engines: {node: '>=12'}
    dev: true

  /typescript/4.9.5:
    resolution: {integrity: sha512-1FXk9E2Hm+QzZQ7z+McJiHL4NW1F2EzMu9Nq9i3zAaGqibafqYwCVU6WyWAuyQRRzOlxou8xZSyXLEN8oKj24g==, registry: https://registry.yarnpkg.com/}
    engines: {node: '>=4.2.0'}
    hasBin: true
    dev: true

  /unbuild/1.1.1:
    resolution: {integrity: sha512-HlhHj6cUPBQJmhoczQoU6dzdTFO0Jr9EiGWEZ1EwHGXlGRR6LXcKyfX3PMrkM48uWJjBWiCgTQdkFOAk3tlK6Q==, registry: https://registry.yarnpkg.com/}
    hasBin: true
    dependencies:
      '@rollup/plugin-alias': 4.0.3_rollup@3.15.0
      '@rollup/plugin-commonjs': 24.0.1_rollup@3.15.0
      '@rollup/plugin-json': 6.0.0_rollup@3.15.0
      '@rollup/plugin-node-resolve': 15.0.1_rollup@3.15.0
      '@rollup/plugin-replace': 5.0.2_rollup@3.15.0
      '@rollup/pluginutils': 5.0.2_rollup@3.15.0
      chalk: 5.2.0
      consola: 2.15.3
      defu: 6.1.2
      esbuild: 0.16.17
      globby: 13.1.3
      hookable: 5.4.2
      jiti: 1.17.0
      magic-string: 0.27.0
      mkdirp: 1.0.4
      mkdist: 1.1.1_typescript@4.9.5
      mlly: 1.1.0
      mri: 1.2.0
      pathe: 1.1.0
      pkg-types: 1.0.1
      pretty-bytes: 6.1.0
      rollup: 3.15.0
      rollup-plugin-dts: 5.1.1_xswiuafr57fmdlvfpvse52fe3e
      scule: 1.0.0
      typescript: 4.9.5
      untyped: 1.2.2
    transitivePeerDependencies:
      - sass
      - supports-color
    dev: true

  /untyped/1.2.2:
    resolution: {integrity: sha512-EANYd5L6AdpgfldlgMcmvOOnj092nWhy0ybhc7uhEH12ipytDYz89EOegBQKj8qWL3u1wgYnmFjADhsuCJs5Aw==, registry: https://registry.yarnpkg.com/}
    dependencies:
      '@babel/core': 7.20.12
      '@babel/standalone': 7.20.15
      '@babel/types': 7.20.7
      scule: 1.0.0
    transitivePeerDependencies:
      - supports-color
    dev: true

  /update-browserslist-db/1.0.10_browserslist@4.21.5:
    resolution: {integrity: sha512-OztqDenkfFkbSG+tRxBeAnCVPckDBcvibKd35yDONx6OU8N7sqgwc7rCbkJ/WcYtVRZ4ba68d6byhC21GFh7sQ==, registry: https://registry.yarnpkg.com/}
    hasBin: true
    peerDependencies:
      browserslist: '>= 4.21.0'
    dependencies:
      browserslist: 4.21.5
      escalade: 3.1.1
      picocolors: 1.0.0
    dev: true
