{
  "name": "clack.cc",
  "lockfileVersion": 2,
  "requires": true,
  "packages": {
    "": {
      "name": "clack.cc",
      "dependencies": {
        "@clack/prompts": "latest",
        "picocolors": "latest"
      }
    },
    "node_modules/.pnpm/@clack+core@0.1.8": {
      "extraneous": true
    },
    "node_modules/.pnpm/@clack+prompts@0.4.4": {
      "extraneous": true
    },
    "node_modules/.pnpm/sisteransi@1.0.5/node_modules/sisteransi": {
      "version": "1.0.5",
      "extraneous": true,
      "license": "MIT",
      "devDependencies": {
        "tap-spec": "^5.0.0",
        "tape": "^4.13.2"
      }
    },
    "node_modules/@clack/core": {
      "version": "0.1.9",
      "resolved": "https://registry.npmjs.org/@clack/core/-/core-0.1.9.tgz",
      "integrity": "sha512-2VaGLFQq54lGkpc48ZsPK8LzbQCbu5I+7zAFrvKM9PTCMI3Lzut+Q8LnflyRLeAsjqzvc5o258+nAoAiRWC0jA==",
      "dependencies": {
        "picocolors": "^1.0.0",
        "sisteransi": "^1.0.5"
      }
    },
    "node_modules/@clack/prompts": {
      "version": "0.4.5",
      "resolved": "https://registry.npmjs.org/@clack/prompts/-/prompts-0.4.5.tgz",
      "integrity": "sha512-TOuHKYSRWSUMJIDHSeF/JgPkR0avRipQTlr2CBsQkjw3BYInZN8UfI6vBFZhDu8svCrZGhGKaur5/hfw4x2yBw==",
      "bundleDependencies": [
        "is-unicode-supported"
      ],
      "dependencies": {
        "@clack/core": "^0.1.9",
        "is-unicode-supported": "*",
        "picocolors": "^1.0.0",
        "sisteransi": "^1.0.5"
      }
    },
    "node_modules/@clack/prompts/node_modules/is-unicode-supported": {
      "version": "1.3.0",
      "extraneous": true,
      "inBundle": true,
      "license": "MIT",
      "engines": {
        "node": ">=12"
      },
      "funding": {
        "url": "https://github.com/sponsors/sindresorhus"
      }
    },
    "node_modules/picocolors": {
      "version": "1.0.0",
      "resolved": "https://registry.npmjs.org/picocolors/-/picocolors-1.0.0.tgz",
      "integrity": "sha512-1fygroTLlHu66zi26VoTDv8yRgm0Fccecssto+MhsZ0D/DGW2sm8E8AjW7NU5VVTRt5GxbeZ5qBuJr+HyLYkjQ=="
    },
    "node_modules/sisteransi": {
      "version": "1.0.5",
      "resolved": "https://registry.npmjs.org/sisteransi/-/sisteransi-1.0.5.tgz",
      "integrity": "sha512-bLGGlR1QxBcynn2d5YmDX4MGjlZvy2MRBDRNHLJ8VI6l6+9FUiyTFNJ0IveOSP0bcXgVDPRcfGqA0pjaqUpfVg=="
    }
  },
  "dependencies": {
    "@clack/core": {
      "version": "0.1.9",
      "resolved": "https://registry.npmjs.org/@clack/core/-/core-0.1.9.tgz",
      "integrity": "sha512-2VaGLFQq54lGkpc48ZsPK8LzbQCbu5I+7zAFrvKM9PTCMI3Lzut+Q8LnflyRLeAsjqzvc5o258+nAoAiRWC0jA==",
      "requires": {
        "picocolors": "^1.0.0",
        "sisteransi": "^1.0.5"
      }
    },
    "@clack/prompts": {
      "version": "0.4.5",
      "resolved": "https://registry.npmjs.org/@clack/prompts/-/prompts-0.4.5.tgz",
      "integrity": "sha512-TOuHKYSRWSUMJIDHSeF/JgPkR0avRipQTlr2CBsQkjw3BYInZN8UfI6vBFZhDu8svCrZGhGKaur5/hfw4x2yBw==",
      "requires": {
        "@clack/core": "^0.1.9",
        "is-unicode-supported": "*",
        "picocolors": "^1.0.0",
        "sisteransi": "^1.0.5"
      },
      "dependencies": {
        "is-unicode-supported": {
          "version": "1.3.0",
          "bundled": true,
          "extraneous": true
        }
      }
    },
    "picocolors": {
      "version": "1.0.0",
      "resolved": "https://registry.npmjs.org/picocolors/-/picocolors-1.0.0.tgz",
      "integrity": "sha512-1fygroTLlHu66zi26VoTDv8yRgm0Fccecssto+MhsZ0D/DGW2sm8E8AjW7NU5VVTRt5GxbeZ5qBuJr+HyLYkjQ=="
    },
    "sisteransi": {
      "version": "1.0.5",
      "resolved": "https://registry.npmjs.org/sisteransi/-/sisteransi-1.0.5.tgz",
      "integrity": "sha512-bLGGlR1QxBcynn2d5YmDX4MGjlZvy2MRBDRNHLJ8VI6l6+9FUiyTFNJ0IveOSP0bcXgVDPRcfGqA0pjaqUpfVg=="
    }
  }
}
